{
  "nodes": {
    "nix-hk": {
      "inputs": {
        "nixpkgs": [
          "nix-hk",
          "nixpkgs-lock",
          "nixpkgs"
        ],
        "nixpkgs-lock": [
          "nixpkgs-lock"
        ]
      },
      "locked": {
        "lastModified": 1789817970,
        "narHash": "sha256-q/pSSRnGdouzdH8dtQUV2ZhMeNB/B9dNXlwS7U8HEts=",
        "owner": "pr0d1r2",
        "repo": "nix-hk",
        "rev": "a063d34d951e733086a63b6704dad12ac9934d3f",
        "type": "github"
      },
      "original": {
        "owner": "pr0d1r2",
        "repo": "nix-hk",
        "type": "github"
      }
    },
    "nixpkgs": {
      "locked": {
        "lastModified": 1789654592,
        "narHash": "sha256-vrwAiXmz+0hs/IWXZalFG/Ws6xQRcW+gClUDlfvcfjQ=",
        "owner": "NixOS",
        "repo": "nixpkgs",
        "rev": "ecc58f32d1069a3e3f8a991e2233d365689f748d",
        "type": "github"
      },
      "original": {
        "owner": "NixOS",
        "ref": "nixos-26.05",
        "repo": "nixpkgs",
        "type": "github"
      }
    },
    "nixpkgs-lock": {
      "inputs": {
        "nixpkgs": "nixpkgs"
      },
      "locked": {
        "lastModified": 1789744630,
        "narHash": "sha256-JEOEROsdhnIz7goieuquPx2ab0ydMCwT15tZgCJsR4k=",
        "owner": "pr0d1r2",
        "repo": "nixpkgs-lock",
        "rev": "8d83dfecdaf6eb703e5ff81639d2365b5f735cf0",
        "type": "github"
      },
      "original": {
        "owner": "pr0d1r2",
        "repo": "nixpkgs-lock",
        "type": "github"
      }
    },
    "root": {
      "inputs": {
        "nix-hk": "nix-hk",
        "nixpkgs": [
          "nixpkgs-lock",
          "nixpkgs"
        ],
        "nixpkgs-lock": "nixpkgs-lock"
      }
    }
  },
  "root": "root",
  "version": 7
}
