{
  "nodes": {
    "nix-hk": {
      "inputs": {
        "nixpkgs": [
          "nix-hk",
          "nixpkgs-lock",
          "nixpkgs"
        ],
        "nixpkgs-lock": [
          "nixpkgs-lock"
        ]
      },
      "locked": {
        "lastModified": 1786698718,
        "narHash": "sha256-qNYIs7PaqYNQ362eYzd+7QwCpmDsGixSK2SYQJdlWXE=",
        "owner": "pr0d1r2",
        "repo": "nix-hk",
        "rev": "a687c1404575d67f425e17c6bee9ad75dfa14728",
        "type": "github"
      },
      "original": {
        "owner": "pr0d1r2",
        "repo": "nix-hk",
        "type": "github"
      }
    },
    "nixpkgs": {
      "locked": {
        "lastModified": 1787204541,
        "narHash": "sha256-OURZPknrTjQrlNyxPdqzyqmU/81Wes1CUP/Ft1Rv/YI=",
        "owner": "NixOS",
        "repo": "nixpkgs",
        "rev": "5880666fd9eb563038431edb35c2d0aa595884e6",
        "type": "github"
      },
      "original": {
        "owner": "NixOS",
        "ref": "nixos-26.05",
        "repo": "nixpkgs",
        "type": "github"
      }
    },
    "nixpkgs-lock": {
      "inputs": {
        "nixpkgs": "nixpkgs"
      },
      "locked": {
        "lastModified": 1787323180,
        "narHash": "sha256-qQN82oTScByEZmtO0eQQt3kVN8jJ/SrF2ALaGnhHLmo=",
        "owner": "pr0d1r2",
        "repo": "nixpkgs-lock",
        "rev": "216e0d3205877fc1ad797506e75fed7b2e08fe50",
        "type": "github"
      },
      "original": {
        "owner": "pr0d1r2",
        "repo": "nixpkgs-lock",
        "type": "github"
      }
    },
    "root": {
      "inputs": {
        "nix-hk": "nix-hk",
        "nixpkgs": [
          "nixpkgs-lock",
          "nixpkgs"
        ],
        "nixpkgs-lock": "nixpkgs-lock"
      }
    }
  },
  "root": "root",
  "version": 7
}
